{
  "lockfile_version": "1",
  "packages": {
    "aws-cdk-cli@latest": {
      "last_modified": "2026-02-23T15:40:43Z",
      "resolved": "github:NixOS/nixpkgs/80d901ec0377e19ac3f7bb8c035201e2e098cc97#aws-cdk-cli",
      "source": "devbox-search",
      "version": "2.1104.0",
      "systems": {
        "aarch64-darwin": {
          "outputs": [
            {
              "name": "out",
              "path": "/nix/store/77sr9r3hxcpyxksldihvzqzrkll9h77i-aws-cdk-cli-2.1104.0",
              "default": true
            }
          ],
          "store_path": "/nix/store/77sr9r3hxcpyxksldihvzqzrkll9h77i-aws-cdk-cli-2.1104.0"
        },
        "aarch64-linux": {
          "outputs": [
            {
              "name": "out",
              "path": "/nix/store/wc2rby5r9zlm6dzz4c2qw0qp91v2wsc8-aws-cdk-cli-2.1104.0",
              "default": true
            }
          ],
          "store_path": "/nix/store/wc2rby5r9zlm6dzz4c2qw0qp91v2wsc8-aws-cdk-cli-2.1104.0"
        },
        "x86_64-darwin": {
          "outputs": [
            {
              "name": "out",
              "path": "/nix/store/6zj28q50zkjwsi43p070pn8pizq2ms8b-aws-cdk-cli-2.1104.0",
              "default": true
            }
          ],
          "store_path": "/nix/store/6zj28q50zkjwsi43p070pn8pizq2ms8b-aws-cdk-cli-2.1104.0"
        },
        "x86_64-linux": {
          "outputs": [
            {
              "name": "out",
              "path": "/nix/store/xl0mxg9c33hadr84pfhvravkszf86943-aws-cdk-cli-2.1104.0",
              "default": true
            }
          ],
          "store_path": "/nix/store/xl0mxg9c33hadr84pfhvravkszf86943-aws-cdk-cli-2.1104.0"
        }
      }
    },
    "awscli2@latest": {
      "last_modified": "2026-02-23T15:40:43Z",
      "resolved": "github:NixOS/nixpkgs/80d901ec0377e19ac3f7bb8c035201e2e098cc97#awscli2",
      "source": "devbox-search",
      "version": "2.33.2",
      "systems": {
        "aarch64-darwin": {
          "outputs": [
            {
              "name": "out",
              "path": "/nix/store/7fs6pvb0zdzr5pwvjd56lcg4v50zm300-awscli2-2.33.2",
              "default": true
            },
            {
              "name": "dist",
              "path": "/nix/store/mcjyd58vanwzgsdi6r47gp706g7is1kw-awscli2-2.33.2-dist"
            }
          ],
          "store_path": "/nix/store/7fs6pvb0zdzr5pwvjd56lcg4v50zm300-awscli2-2.33.2"
        },
        "aarch64-linux": {
          "outputs": [
            {
              "name": "out",
              "path": "/nix/store/laxzjbgfpaprmrafrgr3sm2a741bjj6m-awscli2-2.33.2",
              "default": true
            },
            {
              "name": "dist",
              "path": "/nix/store/22jvkfalayg0s810xy8al26bxg8y9536-awscli2-2.33.2-dist"
            }
          ],
          "store_path": "/nix/store/laxzjbgfpaprmrafrgr3sm2a741bjj6m-awscli2-2.33.2"
        },
        "x86_64-darwin": {
          "outputs": [
            {
              "name": "out",
              "path": "/nix/store/5xcwq8mbylr3dwxkdjbxf3f0gr8gzb8p-awscli2-2.33.2",
              "default": true
            },
            {
              "name": "dist",
              "path": "/nix/store/4xmpgna7g51r7gyhladf5cfdzgiji1dv-awscli2-2.33.2-dist"
            }
          ],
          "store_path": "/nix/store/5xcwq8mbylr3dwxkdjbxf3f0gr8gzb8p-awscli2-2.33.2"
        },
        "x86_64-linux": {
          "outputs": [
            {
              "name": "out",
              "path": "/nix/store/03f0vsahckikf0xcnqig8mls25c01ga5-awscli2-2.33.2",
              "default": true
            },
            {
              "name": "dist",
              "path": "/nix/store/z908n1mkn8a30dyfmcyf23dqjr2gnh6p-awscli2-2.33.2-dist"
            }
          ],
          "store_path": "/nix/store/03f0vsahckikf0xcnqig8mls25c01ga5-awscli2-2.33.2"
        }
      }
    },
    "flutter@latest": {
      "last_modified": "2026-02-23T15:40:43Z",
      "resolved": "github:NixOS/nixpkgs/80d901ec0377e19ac3f7bb8c035201e2e098cc97#flutter",
      "source": "devbox-search",
      "version": "3.41.2-sdk-links",
      "systems": {
        "aarch64-darwin": {
          "outputs": [
            {
              "name": "out",
              "path": "/nix/store/fwpv4ap5r65z4nvm6lnn37n9wczfpcrk-flutter-wrapped-3.41.2-sdk-links",
              "default": true
            }
          ],
          "store_path": "/nix/store/fwpv4ap5r65z4nvm6lnn37n9wczfpcrk-flutter-wrapped-3.41.2-sdk-links"
        },
        "aarch64-linux": {
          "outputs": [
            {
              "name": "out",
              "path": "/nix/store/76zfpms9kjc7kp8nd8n2hi9dm6a0cr1n-flutter-wrapped-3.41.2-sdk-links",
              "default": true
            }
          ],
          "store_path": "/nix/store/76zfpms9kjc7kp8nd8n2hi9dm6a0cr1n-flutter-wrapped-3.41.2-sdk-links"
        },
        "x86_64-darwin": {
          "outputs": [
            {
              "name": "out",
              "path": "/nix/store/j5a5y1db05n0db76x2i6d41q8yddqhyi-flutter-wrapped-3.41.2-sdk-links",
              "default": true
            }
          ],
          "store_path": "/nix/store/j5a5y1db05n0db76x2i6d41q8yddqhyi-flutter-wrapped-3.41.2-sdk-links"
        },
        "x86_64-linux": {
          "outputs": [
            {
              "name": "out",
              "path": "/nix/store/cshk8jsr4l71qrc3jybijpbpz9hj4xqq-flutter-wrapped-3.41.2-sdk-links",
              "default": true
            }
          ],
          "store_path": "/nix/store/cshk8jsr4l71qrc3jybijpbpz9hj4xqq-flutter-wrapped-3.41.2-sdk-links"
        }
      }
    },
    "github:NixOS/nixpkgs/nixpkgs-unstable": {
      "last_modified": "2026-02-16T02:09:13Z",
      "resolved": "github:NixOS/nixpkgs/d1c15b7d5806069da59e819999d70e1cec0760bf?lastModified=1771207753"
    }
  }
}
